
Microsoft Visual Studio Solution File, Format Version 12.00
# Visual Studio 15
VisualStudioVersion = 15.0.28307.489
MinimumVisualStudioVersion = 10.0.40219.1
Project("{9A19103F-16F7-4668-BE54-9A1E7A4F7556}") = "WordGuessGame", "WordGuessGame\WordGuessGame.csproj", "{6BF9D888-2E99-4D70-B768-A8101D8C6B12}"
EndProject
Project("{FAE04EC0-301F-11D3-BF4B-00C04F79EFBC}") = "XUnitTestWordGuessGame", "XUnitTestWordGuessGame\XUnitTestWordGuessGame.csproj", "{E6515D39-1322-4A1A-9C49-BFE3D04395A3}"
EndProject
Global
	GlobalSection(SolutionConfigurationPlatforms) = preSolution
		Debug|Any CPU = Debug|Any CPU
		Release|Any CPU = Release|Any CPU
	EndGlobalSection
	GlobalSection(ProjectConfigurationPlatforms) = postSolution
		{6BF9D888-2E99-4D70-B768-A8101D8C6B12}.Debug|Any CPU.ActiveCfg = Debug|Any CPU
		{6BF9D888-2E99-4D70-B768-A8101D8C6B12}.Debug|Any CPU.Build.0 = Debug|Any CPU
		{6BF9D888-2E99-4D70-B768-A8101D8C6B12}.Release|Any CPU.ActiveCfg = Release|Any CPU
		{6BF9D888-2E99-4D70-B768-A8101D8C6B12}.Release|Any CPU.Build.0 = Release|Any CPU
		{E6515D39-1322-4A1A-9C49-BFE3D04395A3}.Debug|Any CPU.ActiveCfg = Debug|Any CPU
		{E6515D39-1322-4A1A-9C49-BFE3D04395A3}.Debug|Any CPU.Build.0 = Debug|Any CPU
		{E6515D39-1322-4A1A-9C49-BFE3D04395A3}.Release|Any CPU.ActiveCfg = Release|Any CPU
		{E6515D39-1322-4A1A-9C49-BFE3D04395A3}.Release|Any CPU.Build.0 = Release|Any CPU
	EndGlobalSection
	GlobalSection(SolutionProperties) = preSolution
		HideSolutionNode = FALSE
	EndGlobalSection
	GlobalSection(ExtensibilityGlobals) = postSolution
		SolutionGuid = {DE9FFF1B-FCE5-4B6A-B153-443ADFEFA40C}
	EndGlobalSection
EndGlobal
